
Microsoft Visual Studio Solution File, Format Version 12.00
# Visual Studio Version 17
VisualStudioVersion = 17.11.35327.3
MinimumVisualStudioVersion = 10.0.40219.1
Project("{FAE04EC0-301F-11D3-BF4B-00C04F79EFBC}") = "PhanThiLeNa.Session01", "PhanThiLeNa.Session01\PhanThiLeNa.Session01.csproj", "{C60047CB-DA9A-472A-AB87-8FE42ADB6F58}"
EndProject
Global
	GlobalSection(SolutionConfigurationPlatforms) = preSolution
		Debug|Any CPU = Debug|Any CPU
		Release|Any CPU = Release|Any CPU
	EndGlobalSection
	GlobalSection(ProjectConfigurationPlatforms) = postSolution
		{C60047CB-DA9A-472A-AB87-8FE42ADB6F58}.Debug|Any CPU.ActiveCfg = Debug|Any CPU
		{C60047CB-DA9A-472A-AB87-8FE42ADB6F58}.Debug|Any CPU.Build.0 = Debug|Any CPU
		{C60047CB-DA9A-472A-AB87-8FE42ADB6F58}.Release|Any CPU.ActiveCfg = Release|Any CPU
		{C60047CB-DA9A-472A-AB87-8FE42ADB6F58}.Release|Any CPU.Build.0 = Release|Any CPU
	EndGlobalSection
	GlobalSection(SolutionProperties) = preSolution
		HideSolutionNode = FALSE
	EndGlobalSection
	GlobalSection(ExtensibilityGlobals) = postSolution
		SolutionGuid = {BBC57888-2EB0-4BB8-B3E4-2C0B31322301}
	EndGlobalSection
EndGlobal
